
Microsoft Visual Studio Solution File, Format Version 12.00
# Visual Studio Version 17
VisualStudioVersion = 17.0.31903.59
MinimumVisualStudioVersion = 10.0.40219.1
Project("{FAE04EC0-301F-11D3-BF4B-00C04F79EFBC}") = "API", "API\API.csproj", "{D150EF74-9529-4850-8916-A38CAD789C4D}"
EndProject
Project("{FAE04EC0-301F-11D3-BF4B-00C04F79EFBC}") = "Application", "Application\Application.csproj", "{4D956D51-845E-4875-BFA1-F4D44BC7E603}"
EndProject
Project("{FAE04EC0-301F-11D3-BF4B-00C04F79EFBC}") = "Domain", "Domain\Domain.csproj", "{1CF080F8-47B1-4B2D-9123-E91E532995C0}"
EndProject
Project("{FAE04EC0-301F-11D3-BF4B-00C04F79EFBC}") = "Persistence", "Persistence\Persistence.csproj", "{A6941D3C-FD7B-4762-B3C2-D1E05D9B50EE}"
EndProject
Global
	GlobalSection(SolutionConfigurationPlatforms) = preSolution
		Debug|Any CPU = Debug|Any CPU
		Release|Any CPU = Release|Any CPU
	EndGlobalSection
	GlobalSection(SolutionProperties) = preSolution
		HideSolutionNode = FALSE
	EndGlobalSection
	GlobalSection(ProjectConfigurationPlatforms) = postSolution
		{D150EF74-9529-4850-8916-A38CAD789C4D}.Debug|Any CPU.ActiveCfg = Debug|Any CPU
		{D150EF74-9529-4850-8916-A38CAD789C4D}.Debug|Any CPU.Build.0 = Debug|Any CPU
		{D150EF74-9529-4850-8916-A38CAD789C4D}.Release|Any CPU.ActiveCfg = Release|Any CPU
		{D150EF74-9529-4850-8916-A38CAD789C4D}.Release|Any CPU.Build.0 = Release|Any CPU
		{4D956D51-845E-4875-BFA1-F4D44BC7E603}.Debug|Any CPU.ActiveCfg = Debug|Any CPU
		{4D956D51-845E-4875-BFA1-F4D44BC7E603}.Debug|Any CPU.Build.0 = Debug|Any CPU
		{4D956D51-845E-4875-BFA1-F4D44BC7E603}.Release|Any CPU.ActiveCfg = Release|Any CPU
		{4D956D51-845E-4875-BFA1-F4D44BC7E603}.Release|Any CPU.Build.0 = Release|Any CPU
		{1CF080F8-47B1-4B2D-9123-E91E532995C0}.Debug|Any CPU.ActiveCfg = Debug|Any CPU
		{1CF080F8-47B1-4B2D-9123-E91E532995C0}.Debug|Any CPU.Build.0 = Debug|Any CPU
		{1CF080F8-47B1-4B2D-9123-E91E532995C0}.Release|Any CPU.ActiveCfg = Release|Any CPU
		{1CF080F8-47B1-4B2D-9123-E91E532995C0}.Release|Any CPU.Build.0 = Release|Any CPU
		{A6941D3C-FD7B-4762-B3C2-D1E05D9B50EE}.Debug|Any CPU.ActiveCfg = Debug|Any CPU
		{A6941D3C-FD7B-4762-B3C2-D1E05D9B50EE}.Debug|Any CPU.Build.0 = Debug|Any CPU
		{A6941D3C-FD7B-4762-B3C2-D1E05D9B50EE}.Release|Any CPU.ActiveCfg = Release|Any CPU
		{A6941D3C-FD7B-4762-B3C2-D1E05D9B50EE}.Release|Any CPU.Build.0 = Release|Any CPU
	EndGlobalSection
EndGlobal
